
Microsoft Visual Studio Solution File, Format Version 12.00
# Visual Studio Version 16
VisualStudioVersion = 16.0.30503.244
MinimumVisualStudioVersion = 10.0.40219.1
Project("{2150E333-8FDC-42A3-9474-1A3956D46DE8}") = "Solution Items", "Solution Items", "{38D5599E-F411-4A4B-B633-ED48A6A1032A}"
	ProjectSection(SolutionItems) = preProject
		.gitignore = .gitignore
		LICENSE = LICENSE
		README.md = README.md
	EndProjectSection
EndProject
Project("{2150E333-8FDC-42A3-9474-1A3956D46DE8}") = "Tasks", "Tasks", "{ABF1C711-D775-48C8-8182-F30B2A0AB4DC}"
EndProject
Project("{9A19103F-16F7-4668-BE54-9A1E7A4F7556}") = "TeachMeSkills.DotNet.Task1", "src\TeachMeSkills.DotNet.Task1\TeachMeSkills.DotNet.Task1.csproj", "{D866C99C-33BC-4FA1-96A6-CDC363CA6B60}"
EndProject
Project("{9A19103F-16F7-4668-BE54-9A1E7A4F7556}") = "TeachMeSkills.DotNet.Task2", "src\TeachMeSkills.DotNet.Task2\TeachMeSkills.DotNet.Task2.csproj", "{22B95A0C-6580-4744-8CAF-167B3D1BA59C}"
EndProject
Project("{9A19103F-16F7-4668-BE54-9A1E7A4F7556}") = "TeachMeSkills.DotNet.Task3", "src\TeachMeSkills.DotNet.Task3\TeachMeSkills.DotNet.Task3.csproj", "{12CA1617-3855-4E70-AF02-5CBAD2772134}"
EndProject
Project("{9A19103F-16F7-4668-BE54-9A1E7A4F7556}") = "TeachMeSkills.DotNet.Task4", "src\TeachMeSkills.DotNet.Task4\TeachMeSkills.DotNet.Task4.csproj", "{A598C3E3-BCE3-415E-B212-2176F34B715A}"
EndProject
Project("{9A19103F-16F7-4668-BE54-9A1E7A4F7556}") = "TeachMeSkills.DotNet.Task5", "src\TeachMeSkills.DotNet.Task5\TeachMeSkills.DotNet.Task5.csproj", "{ED5F7BB5-C899-4A4E-8D73-2379EA8880D0}"
EndProject
Project("{9A19103F-16F7-4668-BE54-9A1E7A4F7556}") = "TeachMeSkills.DotNet.Task6", "src\TeachMeSkills.DotNet.Task6\TeachMeSkills.DotNet.Task6.csproj", "{4FB23369-50F9-44D8-977C-98D7631D66CE}"
EndProject
Project("{FAE04EC0-301F-11D3-BF4B-00C04F79EFBC}") = "TeachMeSkills.DotNet.Task7", "src\TeachMeSkills.DotNet.Task7\TeachMeSkills.DotNet.Task7.csproj", "{870FE533-0986-4366-A942-B921F53DF794}"
EndProject
Global
	GlobalSection(SolutionConfigurationPlatforms) = preSolution
		Debug|Any CPU = Debug|Any CPU
		Release|Any CPU = Release|Any CPU
	EndGlobalSection
	GlobalSection(ProjectConfigurationPlatforms) = postSolution
		{D866C99C-33BC-4FA1-96A6-CDC363CA6B60}.Debug|Any CPU.ActiveCfg = Debug|Any CPU
		{D866C99C-33BC-4FA1-96A6-CDC363CA6B60}.Debug|Any CPU.Build.0 = Debug|Any CPU
		{D866C99C-33BC-4FA1-96A6-CDC363CA6B60}.Release|Any CPU.ActiveCfg = Release|Any CPU
		{D866C99C-33BC-4FA1-96A6-CDC363CA6B60}.Release|Any CPU.Build.0 = Release|Any CPU
		{22B95A0C-6580-4744-8CAF-167B3D1BA59C}.Debug|Any CPU.ActiveCfg = Debug|Any CPU
		{22B95A0C-6580-4744-8CAF-167B3D1BA59C}.Debug|Any CPU.Build.0 = Debug|Any CPU
		{22B95A0C-6580-4744-8CAF-167B3D1BA59C}.Release|Any CPU.ActiveCfg = Release|Any CPU
		{22B95A0C-6580-4744-8CAF-167B3D1BA59C}.Release|Any CPU.Build.0 = Release|Any CPU
		{12CA1617-3855-4E70-AF02-5CBAD2772134}.Debug|Any CPU.ActiveCfg = Debug|Any CPU
		{12CA1617-3855-4E70-AF02-5CBAD2772134}.Debug|Any CPU.Build.0 = Debug|Any CPU
		{12CA1617-3855-4E70-AF02-5CBAD2772134}.Release|Any CPU.ActiveCfg = Release|Any CPU
		{12CA1617-3855-4E70-AF02-5CBAD2772134}.Release|Any CPU.Build.0 = Release|Any CPU
		{A598C3E3-BCE3-415E-B212-2176F34B715A}.Debug|Any CPU.ActiveCfg = Debug|Any CPU
		{A598C3E3-BCE3-415E-B212-2176F34B715A}.Debug|Any CPU.Build.0 = Debug|Any CPU
		{A598C3E3-BCE3-415E-B212-2176F34B715A}.Release|Any CPU.ActiveCfg = Release|Any CPU
		{A598C3E3-BCE3-415E-B212-2176F34B715A}.Release|Any CPU.Build.0 = Release|Any CPU
		{ED5F7BB5-C899-4A4E-8D73-2379EA8880D0}.Debug|Any CPU.ActiveCfg = Debug|Any CPU
		{ED5F7BB5-C899-4A4E-8D73-2379EA8880D0}.Debug|Any CPU.Build.0 = Debug|Any CPU
		{ED5F7BB5-C899-4A4E-8D73-2379EA8880D0}.Release|Any CPU.ActiveCfg = Release|Any CPU
		{ED5F7BB5-C899-4A4E-8D73-2379EA8880D0}.Release|Any CPU.Build.0 = Release|Any CPU
		{4FB23369-50F9-44D8-977C-98D7631D66CE}.Debug|Any CPU.ActiveCfg = Debug|Any CPU
		{4FB23369-50F9-44D8-977C-98D7631D66CE}.Debug|Any CPU.Build.0 = Debug|Any CPU
		{4FB23369-50F9-44D8-977C-98D7631D66CE}.Release|Any CPU.ActiveCfg = Release|Any CPU
		{4FB23369-50F9-44D8-977C-98D7631D66CE}.Release|Any CPU.Build.0 = Release|Any CPU
		{870FE533-0986-4366-A942-B921F53DF794}.Debug|Any CPU.ActiveCfg = Debug|Any CPU
		{870FE533-0986-4366-A942-B921F53DF794}.Debug|Any CPU.Build.0 = Debug|Any CPU
		{870FE533-0986-4366-A942-B921F53DF794}.Release|Any CPU.ActiveCfg = Release|Any CPU
		{870FE533-0986-4366-A942-B921F53DF794}.Release|Any CPU.Build.0 = Release|Any CPU
	EndGlobalSection
	GlobalSection(SolutionProperties) = preSolution
		HideSolutionNode = FALSE
	EndGlobalSection
	GlobalSection(NestedProjects) = preSolution
		{D866C99C-33BC-4FA1-96A6-CDC363CA6B60} = {ABF1C711-D775-48C8-8182-F30B2A0AB4DC}
		{22B95A0C-6580-4744-8CAF-167B3D1BA59C} = {ABF1C711-D775-48C8-8182-F30B2A0AB4DC}
		{12CA1617-3855-4E70-AF02-5CBAD2772134} = {ABF1C711-D775-48C8-8182-F30B2A0AB4DC}
		{A598C3E3-BCE3-415E-B212-2176F34B715A} = {ABF1C711-D775-48C8-8182-F30B2A0AB4DC}
		{ED5F7BB5-C899-4A4E-8D73-2379EA8880D0} = {ABF1C711-D775-48C8-8182-F30B2A0AB4DC}
		{4FB23369-50F9-44D8-977C-98D7631D66CE} = {ABF1C711-D775-48C8-8182-F30B2A0AB4DC}
		{870FE533-0986-4366-A942-B921F53DF794} = {ABF1C711-D775-48C8-8182-F30B2A0AB4DC}
	EndGlobalSection
	GlobalSection(ExtensibilityGlobals) = postSolution
		SolutionGuid = {AB361F5D-A586-489F-BE2A-9BA764BA63B1}
	EndGlobalSection
EndGlobal
